
Microsoft Visual Studio Solution File, Format Version 12.00
# Visual Studio 2013
VisualStudioVersion = 12.0.30723.0
MinimumVisualStudioVersion = 10.0.40219.1
Project("{FAE04EC0-301F-11D3-BF4B-00C04F79EFBC}") = "DiscoverableService", "DiscoverableService\DiscoverableService.csproj", "{02D9960A-3837-4F9A-B030-29249E192355}"
EndProject
Project("{FAE04EC0-301F-11D3-BF4B-00C04F79EFBC}") = "Client", "Client\Client.csproj", "{05463B69-D0DE-4761-BE02-59E681BD822E}"
EndProject
Project("{FAE04EC0-301F-11D3-BF4B-00C04F79EFBC}") = "DiscoveryService", "DiscoveryService\DiscoveryService.csproj", "{DD11EAED-682E-4982-AA6E-3E509CF83AD9}"
EndProject
Project("{FAE04EC0-301F-11D3-BF4B-00C04F79EFBC}") = "Host", "Host\Host.csproj", "{144EA410-1543-44EC-BB35-4381D0269F56}"
EndProject
Global
	GlobalSection(SolutionConfigurationPlatforms) = preSolution
		Debug|Any CPU = Debug|Any CPU
		Release|Any CPU = Release|Any CPU
	EndGlobalSection
	GlobalSection(ProjectConfigurationPlatforms) = postSolution
		{02D9960A-3837-4F9A-B030-29249E192355}.Debug|Any CPU.ActiveCfg = Debug|Any CPU
		{02D9960A-3837-4F9A-B030-29249E192355}.Debug|Any CPU.Build.0 = Debug|Any CPU
		{02D9960A-3837-4F9A-B030-29249E192355}.Release|Any CPU.ActiveCfg = Release|Any CPU
		{02D9960A-3837-4F9A-B030-29249E192355}.Release|Any CPU.Build.0 = Release|Any CPU
		{05463B69-D0DE-4761-BE02-59E681BD822E}.Debug|Any CPU.ActiveCfg = Debug|Any CPU
		{05463B69-D0DE-4761-BE02-59E681BD822E}.Debug|Any CPU.Build.0 = Debug|Any CPU
		{05463B69-D0DE-4761-BE02-59E681BD822E}.Release|Any CPU.ActiveCfg = Release|Any CPU
		{05463B69-D0DE-4761-BE02-59E681BD822E}.Release|Any CPU.Build.0 = Release|Any CPU
		{DD11EAED-682E-4982-AA6E-3E509CF83AD9}.Debug|Any CPU.ActiveCfg = Debug|Any CPU
		{DD11EAED-682E-4982-AA6E-3E509CF83AD9}.Debug|Any CPU.Build.0 = Debug|Any CPU
		{DD11EAED-682E-4982-AA6E-3E509CF83AD9}.Release|Any CPU.ActiveCfg = Release|Any CPU
		{DD11EAED-682E-4982-AA6E-3E509CF83AD9}.Release|Any CPU.Build.0 = Release|Any CPU
		{144EA410-1543-44EC-BB35-4381D0269F56}.Debug|Any CPU.ActiveCfg = Debug|Any CPU
		{144EA410-1543-44EC-BB35-4381D0269F56}.Debug|Any CPU.Build.0 = Debug|Any CPU
		{144EA410-1543-44EC-BB35-4381D0269F56}.Release|Any CPU.ActiveCfg = Release|Any CPU
		{144EA410-1543-44EC-BB35-4381D0269F56}.Release|Any CPU.Build.0 = Release|Any CPU
	EndGlobalSection
	GlobalSection(SolutionProperties) = preSolution
		HideSolutionNode = FALSE
	EndGlobalSection
EndGlobal
